
Microsoft Visual Studio Solution File, Format Version 12.00
# Visual Studio Version 16
VisualStudioVersion = 16.0.31624.102
MinimumVisualStudioVersion = 10.0.40219.1
Project("{8BC9CEB8-8B4A-11D0-8D11-00A0C91BC942}") = "Project1", "Project1\Project1.vcxproj", "{F09F1251-F90D-44DC-8DED-56E357B0B719}"
EndProject
Global
	GlobalSection(SolutionConfigurationPlatforms) = preSolution
		Debug|x64 = Debug|x64
		Debug|x86 = Debug|x86
		Release|x64 = Release|x64
		Release|x86 = Release|x86
	EndGlobalSection
	GlobalSection(ProjectConfigurationPlatforms) = postSolution
		{F09F1251-F90D-44DC-8DED-56E357B0B719}.Debug|x64.ActiveCfg = Debug|x64
		{F09F1251-F90D-44DC-8DED-56E357B0B719}.Debug|x64.Build.0 = Debug|x64
		{F09F1251-F90D-44DC-8DED-56E357B0B719}.Debug|x86.ActiveCfg = Debug|Win32
		{F09F1251-F90D-44DC-8DED-56E357B0B719}.Debug|x86.Build.0 = Debug|Win32
		{F09F1251-F90D-44DC-8DED-56E357B0B719}.Release|x64.ActiveCfg = Release|x64
		{F09F1251-F90D-44DC-8DED-56E357B0B719}.Release|x64.Build.0 = Release|x64
		{F09F1251-F90D-44DC-8DED-56E357B0B719}.Release|x86.ActiveCfg = Release|Win32
		{F09F1251-F90D-44DC-8DED-56E357B0B719}.Release|x86.Build.0 = Release|Win32
	EndGlobalSection
	GlobalSection(SolutionProperties) = preSolution
		HideSolutionNode = FALSE
	EndGlobalSection
	GlobalSection(ExtensibilityGlobals) = postSolution
		SolutionGuid = {BE071690-2E9D-4DA3-AD55-D6DB414EA54C}
	EndGlobalSection
EndGlobal
